
Microsoft Visual Studio Solution File, Format Version 12.00
# Visual Studio Version 16
VisualStudioVersion = 16.0.31729.503
MinimumVisualStudioVersion = 10.0.40219.1
Project("{FAE04EC0-301F-11D3-BF4B-00C04F79EFBC}") = "numbers", "numbers\numbers.csproj", "{77BF4648-CF85-4791-A9C5-56D5CE5C2D5A}"
EndProject
Global
	GlobalSection(SolutionConfigurationPlatforms) = preSolution
		Debug|Any CPU = Debug|Any CPU
		Release|Any CPU = Release|Any CPU
	EndGlobalSection
	GlobalSection(ProjectConfigurationPlatforms) = postSolution
		{77BF4648-CF85-4791-A9C5-56D5CE5C2D5A}.Debug|Any CPU.ActiveCfg = Debug|Any CPU
		{77BF4648-CF85-4791-A9C5-56D5CE5C2D5A}.Debug|Any CPU.Build.0 = Debug|Any CPU
		{77BF4648-CF85-4791-A9C5-56D5CE5C2D5A}.Release|Any CPU.ActiveCfg = Release|Any CPU
		{77BF4648-CF85-4791-A9C5-56D5CE5C2D5A}.Release|Any CPU.Build.0 = Release|Any CPU
	EndGlobalSection
	GlobalSection(SolutionProperties) = preSolution
		HideSolutionNode = FALSE
	EndGlobalSection
	GlobalSection(ExtensibilityGlobals) = postSolution
		SolutionGuid = {14F2782E-2E65-4C6E-BBE3-92F15AE2DE01}
	EndGlobalSection
EndGlobal
